
Microsoft Visual Studio Solution File, Format Version 12.00
# Visual Studio Version 17
VisualStudioVersion = 17.7.34031.279
MinimumVisualStudioVersion = 10.0.40219.1
Project("{9A19103F-16F7-4668-BE54-9A1E7A4F7556}") = "Garage", "Garage\Garage.csproj", "{546B4437-9EFC-4C90-875A-F7AC889BA880}"
EndProject
Project("{9A19103F-16F7-4668-BE54-9A1E7A4F7556}") = "UnitTests", "UnitTests\UnitTests.csproj", "{E8855A02-B76D-4CD3-9FC9-DA53EA56CC07}"
EndProject
Project("{9A19103F-16F7-4668-BE54-9A1E7A4F7556}") = "Garage.UI", "Garage.UI\Garage.UI.csproj", "{A50C5D36-BF7F-4B1A-B7F4-1410E7D54EB5}"
EndProject
Project("{9A19103F-16F7-4668-BE54-9A1E7A4F7556}") = "Garage.Interfaces", "Garage.Interfaces\Garage.Interfaces.csproj", "{CFE3B21A-ECC1-46C8-81DE-1496ADECCCC7}"
EndProject
Project("{FAE04EC0-301F-11D3-BF4B-00C04F79EFBC}") = "Garage.Vehicles", "Garage.Vehicles\Garage.Vehicles.csproj", "{F25E4D51-1A51-438B-997A-94F6E2559E91}"
EndProject
Global
	GlobalSection(SolutionConfigurationPlatforms) = preSolution
		Debug|Any CPU = Debug|Any CPU
		Release|Any CPU = Release|Any CPU
	EndGlobalSection
	GlobalSection(ProjectConfigurationPlatforms) = postSolution
		{546B4437-9EFC-4C90-875A-F7AC889BA880}.Debug|Any CPU.ActiveCfg = Debug|Any CPU
		{546B4437-9EFC-4C90-875A-F7AC889BA880}.Debug|Any CPU.Build.0 = Debug|Any CPU
		{546B4437-9EFC-4C90-875A-F7AC889BA880}.Release|Any CPU.ActiveCfg = Release|Any CPU
		{546B4437-9EFC-4C90-875A-F7AC889BA880}.Release|Any CPU.Build.0 = Release|Any CPU
		{E8855A02-B76D-4CD3-9FC9-DA53EA56CC07}.Debug|Any CPU.ActiveCfg = Debug|Any CPU
		{E8855A02-B76D-4CD3-9FC9-DA53EA56CC07}.Debug|Any CPU.Build.0 = Debug|Any CPU
		{E8855A02-B76D-4CD3-9FC9-DA53EA56CC07}.Release|Any CPU.ActiveCfg = Release|Any CPU
		{E8855A02-B76D-4CD3-9FC9-DA53EA56CC07}.Release|Any CPU.Build.0 = Release|Any CPU
		{A50C5D36-BF7F-4B1A-B7F4-1410E7D54EB5}.Debug|Any CPU.ActiveCfg = Debug|Any CPU
		{A50C5D36-BF7F-4B1A-B7F4-1410E7D54EB5}.Debug|Any CPU.Build.0 = Debug|Any CPU
		{A50C5D36-BF7F-4B1A-B7F4-1410E7D54EB5}.Release|Any CPU.ActiveCfg = Release|Any CPU
		{A50C5D36-BF7F-4B1A-B7F4-1410E7D54EB5}.Release|Any CPU.Build.0 = Release|Any CPU
		{CFE3B21A-ECC1-46C8-81DE-1496ADECCCC7}.Debug|Any CPU.ActiveCfg = Debug|Any CPU
		{CFE3B21A-ECC1-46C8-81DE-1496ADECCCC7}.Debug|Any CPU.Build.0 = Debug|Any CPU
		{CFE3B21A-ECC1-46C8-81DE-1496ADECCCC7}.Release|Any CPU.ActiveCfg = Release|Any CPU
		{CFE3B21A-ECC1-46C8-81DE-1496ADECCCC7}.Release|Any CPU.Build.0 = Release|Any CPU
		{F25E4D51-1A51-438B-997A-94F6E2559E91}.Debug|Any CPU.ActiveCfg = Debug|Any CPU
		{F25E4D51-1A51-438B-997A-94F6E2559E91}.Debug|Any CPU.Build.0 = Debug|Any CPU
		{F25E4D51-1A51-438B-997A-94F6E2559E91}.Release|Any CPU.ActiveCfg = Release|Any CPU
		{F25E4D51-1A51-438B-997A-94F6E2559E91}.Release|Any CPU.Build.0 = Release|Any CPU
	EndGlobalSection
	GlobalSection(SolutionProperties) = preSolution
		HideSolutionNode = FALSE
	EndGlobalSection
	GlobalSection(ExtensibilityGlobals) = postSolution
		SolutionGuid = {BC39978E-EFC1-47E5-95DE-592948B0B9AD}
	EndGlobalSection
EndGlobal
